// !$*UTF8*$!
{
	archiveVersion = 1;
	classes = {
	};
	objectVersion = 56;
	objects = {

/* Begin PBXBuildFile section */
		D8013A242AFA186200D7D9F6 /* AsyncStreamHelper.swift in Sources */ = {isa = PBXBuildFile; fileRef = D8013A232AFA186200D7D9F6 /* AsyncStreamHelper.swift */; };
		D8013A262AFA189200D7D9F6 /* ArtistDetailView.swift in Sources */ = {isa = PBXBuildFile; fileRef = D8013A252AFA189200D7D9F6 /* ArtistDetailView.swift */; };
		D8013A292AFA1A6300D7D9F6 /* ScalingHeaderScrollView in Frameworks */ = {isa = PBXBuildFile; productRef = D8013A282AFA1A6300D7D9F6 /* ScalingHeaderScrollView */; };
		D8013A2C2AFA1ED900D7D9F6 /* View+If.swift in Sources */ = {isa = PBXBuildFile; fileRef = D8013A2B2AFA1ED900D7D9F6 /* View+If.swift */; };
		D8013A2F2AFC233A00D7D9F6 /* PagerTabStripView in Frameworks */ = {isa = PBXBuildFile; productRef = D8013A2E2AFC233A00D7D9F6 /* PagerTabStripView */; };
		D81BE4342AFCCC8A00F167FD /* CircleButtonStyle.swift in Sources */ = {isa = PBXBuildFile; fileRef = D81BE4332AFCCC8A00F167FD /* CircleButtonStyle.swift */; };
		D81BE4362AFCCCB700F167FD /* View+rounded.swift in Sources */ = {isa = PBXBuildFile; fileRef = D81BE4352AFCCCB700F167FD /* View+rounded.swift */; };
		D81BE43B2AFCFD9200F167FD /* YouTubePlayerKit in Frameworks */ = {isa = PBXBuildFile; productRef = D81BE43A2AFCFD9200F167FD /* YouTubePlayerKit */; };
		D81BE4412AFF7BBD00F167FD /* WorkshopView.swift in Sources */ = {isa = PBXBuildFile; fileRef = D81BE4402AFF7BBD00F167FD /* WorkshopView.swift */; };
		D81BE4432AFF7DD800F167FD /* WorkshopInterface.swift in Sources */ = {isa = PBXBuildFile; fileRef = D81BE4422AFF7DD800F167FD /* WorkshopInterface.swift */; };
		D81BE4452AFF822800F167FD /* WorkshopLive.swift in Sources */ = {isa = PBXBuildFile; fileRef = D81BE4442AFF822800F167FD /* WorkshopLive.swift */; };
		D81BE4472AFF855A00F167FD /* NavigationBaseView.swift in Sources */ = {isa = PBXBuildFile; fileRef = D81BE4462AFF855A00F167FD /* NavigationBaseView.swift */; };
		D81BE4492AFF8EB100F167FD /* GebbleCell.swift in Sources */ = {isa = PBXBuildFile; fileRef = D81BE4482AFF8EB100F167FD /* GebbleCell.swift */; };
		D81BE44B2AFF914700F167FD /* GebbleImageCell.swift in Sources */ = {isa = PBXBuildFile; fileRef = D81BE44A2AFF914700F167FD /* GebbleImageCell.swift */; };
		D81BE44D2B03474900F167FD /* GebbleSearchBar.swift in Sources */ = {isa = PBXBuildFile; fileRef = D81BE44C2B03474900F167FD /* GebbleSearchBar.swift */; };
		D820AD292AE641840065DB7C /* GebbleApp.swift in Sources */ = {isa = PBXBuildFile; fileRef = D820AD282AE641840065DB7C /* GebbleApp.swift */; };
		D820AD2B2AE641840065DB7C /* ContentView.swift in Sources */ = {isa = PBXBuildFile; fileRef = D820AD2A2AE641840065DB7C /* ContentView.swift */; };
		D820AD2D2AE641850065DB7C /* Assets.xcassets in Resources */ = {isa = PBXBuildFile; fileRef = D820AD2C2AE641850065DB7C /* Assets.xcassets */; };
		D820AD302AE641850065DB7C /* Preview Assets.xcassets in Resources */ = {isa = PBXBuildFile; fileRef = D820AD2F2AE641850065DB7C /* Preview Assets.xcassets */; };
		D820AD3A2AE641850065DB7C /* GebbleTests.swift in Sources */ = {isa = PBXBuildFile; fileRef = D820AD392AE641850065DB7C /* GebbleTests.swift */; };
		D820AD442AE641850065DB7C /* GebbleUITests.swift in Sources */ = {isa = PBXBuildFile; fileRef = D820AD432AE641850065DB7C /* GebbleUITests.swift */; };
		D820AD462AE641850065DB7C /* GebbleUITestsLaunchTests.swift in Sources */ = {isa = PBXBuildFile; fileRef = D820AD452AE641850065DB7C /* GebbleUITestsLaunchTests.swift */; };
		D820AD532AE64F050065DB7C /* HTTPClient.swift in Sources */ = {isa = PBXBuildFile; fileRef = D820AD522AE64F050065DB7C /* HTTPClient.swift */; };
		D820AD552AE6511D0065DB7C /* ArtistClientInterface.swift in Sources */ = {isa = PBXBuildFile; fileRef = D820AD542AE6511D0065DB7C /* ArtistClientInterface.swift */; };
		D820AD572AE6713D0065DB7C /* ArtistClientLive.swift in Sources */ = {isa = PBXBuildFile; fileRef = D820AD562AE6713D0065DB7C /* ArtistClientLive.swift */; };
		D820AD5A2AE674430065DB7C /* ComposableArchitecture in Frameworks */ = {isa = PBXBuildFile; productRef = D820AD592AE674430065DB7C /* ComposableArchitecture */; };
		D820AD5C2AE67A430065DB7C /* RootTabView.swift in Sources */ = {isa = PBXBuildFile; fileRef = D820AD5B2AE67A430065DB7C /* RootTabView.swift */; };
		D820AD5F2AE79AC00065DB7C /* Colors.xcassets in Resources */ = {isa = PBXBuildFile; fileRef = D820AD5E2AE79AC00065DB7C /* Colors.xcassets */; };
		D820AD612AE79B9A0065DB7C /* Colors.swift in Sources */ = {isa = PBXBuildFile; fileRef = D820AD602AE79B9A0065DB7C /* Colors.swift */; };
		D820AD652AE7A2380065DB7C /* ArtistsView.swift in Sources */ = {isa = PBXBuildFile; fileRef = D820AD642AE7A2380065DB7C /* ArtistsView.swift */; };
		D820AD682AEB67D60065DB7C /* Kingfisher in Frameworks */ = {isa = PBXBuildFile; productRef = D820AD672AEB67D60065DB7C /* Kingfisher */; };
		D820AD6F2AEF8E410065DB7C /* CollectionLoadingState.swift in Sources */ = {isa = PBXBuildFile; fileRef = D820AD6E2AEF8E410065DB7C /* CollectionLoadingState.swift */; };
		D820AD712AF235B90065DB7C /* CollectionStateView.swift in Sources */ = {isa = PBXBuildFile; fileRef = D820AD702AF235B90065DB7C /* CollectionStateView.swift */; };
		D820AD732AF240FD0065DB7C /* CollectionStateStream.swift in Sources */ = {isa = PBXBuildFile; fileRef = D820AD722AF240FC0065DB7C /* CollectionStateStream.swift */; };
		D820AD762AF243810065DB7C /* Shimmer in Frameworks */ = {isa = PBXBuildFile; productRef = D820AD752AF243810065DB7C /* Shimmer */; };
		D820AD782AF272750065DB7C /* ViewDidLoadModifier.swift in Sources */ = {isa = PBXBuildFile; fileRef = D820AD772AF272750065DB7C /* ViewDidLoadModifier.swift */; };
		D87338452AF403930045B6DB /* ActivityIndicatorView in Frameworks */ = {isa = PBXBuildFile; productRef = D87338442AF403930045B6DB /* ActivityIndicatorView */; };
		D8D5BE372B04A6C60046D6A4 /* GebbleErrorView.swift in Sources */ = {isa = PBXBuildFile; fileRef = D8D5BE362B04A6C60046D6A4 /* GebbleErrorView.swift */; };
		D8D5BE392B04ADFD0046D6A4 /* GebbleEmptyView.swift in Sources */ = {isa = PBXBuildFile; fileRef = D8D5BE382B04ADFD0046D6A4 /* GebbleEmptyView.swift */; };
		D8D5BE3B2B04CAC00046D6A4 /* CountryList.swift in Sources */ = {isa = PBXBuildFile; fileRef = D8D5BE3A2B04CAC00046D6A4 /* CountryList.swift */; };
		D8D5BE3F2B04D4880046D6A4 /* WorkshopFilter.swift in Sources */ = {isa = PBXBuildFile; fileRef = D8D5BE3E2B04D4880046D6A4 /* WorkshopFilter.swift */; };
		D8D5BE412B0B35FA0046D6A4 /* WorkshopDetailView.swift in Sources */ = {isa = PBXBuildFile; fileRef = D8D5BE402B0B35FA0046D6A4 /* WorkshopDetailView.swift */; };
/* End PBXBuildFile section */

/* Begin PBXContainerItemProxy section */
		D820AD362AE641850065DB7C /* PBXContainerItemProxy */ = {
			isa = PBXContainerItemProxy;
			containerPortal = D820AD1D2AE641840065DB7C /* Project object */;
			proxyType = 1;
			remoteGlobalIDString = D820AD242AE641840065DB7C;
			remoteInfo = Gebble;
		};
		D820AD402AE641850065DB7C /* PBXContainerItemProxy */ = {
			isa = PBXContainerItemProxy;
			containerPortal = D820AD1D2AE641840065DB7C /* Project object */;
			proxyType = 1;
			remoteGlobalIDString = D820AD242AE641840065DB7C;
			remoteInfo = Gebble;
		};
/* End PBXContainerItemProxy section */

/* Begin PBXFileReference section */
		D8013A232AFA186200D7D9F6 /* AsyncStreamHelper.swift */ = {isa = PBXFileReference; lastKnownFileType = sourcecode.swift; path = AsyncStreamHelper.swift; sourceTree = "<group>"; };
		D8013A252AFA189200D7D9F6 /* ArtistDetailView.swift */ = {isa = PBXFileReference; lastKnownFileType = sourcecode.swift; path = ArtistDetailView.swift; sourceTree = "<group>"; };
		D8013A2B2AFA1ED900D7D9F6 /* View+If.swift */ = {isa = PBXFileReference; lastKnownFileType = sourcecode.swift; path = "View+If.swift"; sourceTree = "<group>"; };
		D81BE4332AFCCC8A00F167FD /* CircleButtonStyle.swift */ = {isa = PBXFileReference; lastKnownFileType = sourcecode.swift; path = CircleButtonStyle.swift; sourceTree = "<group>"; };
		D81BE4352AFCCCB700F167FD /* View+rounded.swift */ = {isa = PBXFileReference; lastKnownFileType = sourcecode.swift; path = "View+rounded.swift"; sourceTree = "<group>"; };
		D81BE4402AFF7BBD00F167FD /* WorkshopView.swift */ = {isa = PBXFileReference; lastKnownFileType = sourcecode.swift; path = WorkshopView.swift; sourceTree = "<group>"; };
		D81BE4422AFF7DD800F167FD /* WorkshopInterface.swift */ = {isa = PBXFileReference; lastKnownFileType = sourcecode.swift; path = WorkshopInterface.swift; sourceTree = "<group>"; };
		D81BE4442AFF822800F167FD /* WorkshopLive.swift */ = {isa = PBXFileReference; lastKnownFileType = sourcecode.swift; path = WorkshopLive.swift; sourceTree = "<group>"; };
		D81BE4462AFF855A00F167FD /* NavigationBaseView.swift */ = {isa = PBXFileReference; lastKnownFileType = sourcecode.swift; path = NavigationBaseView.swift; sourceTree = "<group>"; };
		D81BE4482AFF8EB100F167FD /* GebbleCell.swift */ = {isa = PBXFileReference; lastKnownFileType = sourcecode.swift; path = GebbleCell.swift; sourceTree = "<group>"; };
		D81BE44A2AFF914700F167FD /* GebbleImageCell.swift */ = {isa = PBXFileReference; lastKnownFileType = sourcecode.swift; path = GebbleImageCell.swift; sourceTree = "<group>"; };
		D81BE44C2B03474900F167FD /* GebbleSearchBar.swift */ = {isa = PBXFileReference; lastKnownFileType = sourcecode.swift; path = GebbleSearchBar.swift; sourceTree = "<group>"; };
		D820AD252AE641840065DB7C /* Gebble.app */ = {isa = PBXFileReference; explicitFileType = wrapper.application; includeInIndex = 0; path = Gebble.app; sourceTree = BUILT_PRODUCTS_DIR; };
		D820AD282AE641840065DB7C /* GebbleApp.swift */ = {isa = PBXFileReference; lastKnownFileType = sourcecode.swift; path = GebbleApp.swift; sourceTree = "<group>"; };
		D820AD2A2AE641840065DB7C /* ContentView.swift */ = {isa = PBXFileReference; lastKnownFileType = sourcecode.swift; path = ContentView.swift; sourceTree = "<group>"; };
		D820AD2C2AE641850065DB7C /* Assets.xcassets */ = {isa = PBXFileReference; lastKnownFileType = folder.assetcatalog; path = Assets.xcassets; sourceTree = "<group>"; };
		D820AD2F2AE641850065DB7C /* Preview Assets.xcassets */ = {isa = PBXFileReference; lastKnownFileType = folder.assetcatalog; path = "Preview Assets.xcassets"; sourceTree = "<group>"; };
		D820AD352AE641850065DB7C /* GebbleTests.xctest */ = {isa = PBXFileReference; explicitFileType = wrapper.cfbundle; includeInIndex = 0; path = GebbleTests.xctest; sourceTree = BUILT_PRODUCTS_DIR; };
		D820AD392AE641850065DB7C /* GebbleTests.swift */ = {isa = PBXFileReference; lastKnownFileType = sourcecode.swift; path = GebbleTests.swift; sourceTree = "<group>"; };
		D820AD3F2AE641850065DB7C /* GebbleUITests.xctest */ = {isa = PBXFileReference; explicitFileType = wrapper.cfbundle; includeInIndex = 0; path = GebbleUITests.xctest; sourceTree = BUILT_PRODUCTS_DIR; };
		D820AD432AE641850065DB7C /* GebbleUITests.swift */ = {isa = PBXFileReference; lastKnownFileType = sourcecode.swift; path = GebbleUITests.swift; sourceTree = "<group>"; };
		D820AD452AE641850065DB7C /* GebbleUITestsLaunchTests.swift */ = {isa = PBXFileReference; lastKnownFileType = sourcecode.swift; path = GebbleUITestsLaunchTests.swift; sourceTree = "<group>"; };
		D820AD522AE64F050065DB7C /* HTTPClient.swift */ = {isa = PBXFileReference; lastKnownFileType = sourcecode.swift; path = HTTPClient.swift; sourceTree = "<group>"; };
		D820AD542AE6511D0065DB7C /* ArtistClientInterface.swift */ = {isa = PBXFileReference; lastKnownFileType = sourcecode.swift; path = ArtistClientInterface.swift; sourceTree = "<group>"; };
		D820AD562AE6713D0065DB7C /* ArtistClientLive.swift */ = {isa = PBXFileReference; lastKnownFileType = sourcecode.swift; path = ArtistClientLive.swift; sourceTree = "<group>"; };
		D820AD5B2AE67A430065DB7C /* RootTabView.swift */ = {isa = PBXFileReference; lastKnownFileType = sourcecode.swift; path = RootTabView.swift; sourceTree = "<group>"; };
		D820AD5E2AE79AC00065DB7C /* Colors.xcassets */ = {isa = PBXFileReference; lastKnownFileType = folder.assetcatalog; path = Colors.xcassets; sourceTree = "<group>"; };
		D820AD602AE79B9A0065DB7C /* Colors.swift */ = {isa = PBXFileReference; lastKnownFileType = sourcecode.swift; path = Colors.swift; sourceTree = "<group>"; };
		D820AD642AE7A2380065DB7C /* ArtistsView.swift */ = {isa = PBXFileReference; lastKnownFileType = sourcecode.swift; path = ArtistsView.swift; sourceTree = "<group>"; };
		D820AD6E2AEF8E410065DB7C /* CollectionLoadingState.swift */ = {isa = PBXFileReference; lastKnownFileType = sourcecode.swift; path = CollectionLoadingState.swift; sourceTree = "<group>"; };
		D820AD702AF235B90065DB7C /* CollectionStateView.swift */ = {isa = PBXFileReference; lastKnownFileType = sourcecode.swift; path = CollectionStateView.swift; sourceTree = "<group>"; };
		D820AD722AF240FC0065DB7C /* CollectionStateStream.swift */ = {isa = PBXFileReference; lastKnownFileType = sourcecode.swift; path = CollectionStateStream.swift; sourceTree = "<group>"; };
		D820AD772AF272750065DB7C /* ViewDidLoadModifier.swift */ = {isa = PBXFileReference; lastKnownFileType = sourcecode.swift; path = ViewDidLoadModifier.swift; sourceTree = "<group>"; };
		D8D5BE362B04A6C60046D6A4 /* GebbleErrorView.swift */ = {isa = PBXFileReference; lastKnownFileType = sourcecode.swift; path = GebbleErrorView.swift; sourceTree = "<group>"; };
		D8D5BE382B04ADFD0046D6A4 /* GebbleEmptyView.swift */ = {isa = PBXFileReference; lastKnownFileType = sourcecode.swift; path = GebbleEmptyView.swift; sourceTree = "<group>"; };
		D8D5BE3A2B04CAC00046D6A4 /* CountryList.swift */ = {isa = PBXFileReference; lastKnownFileType = sourcecode.swift; path = CountryList.swift; sourceTree = "<group>"; };
		D8D5BE3E2B04D4880046D6A4 /* WorkshopFilter.swift */ = {isa = PBXFileReference; lastKnownFileType = sourcecode.swift; path = WorkshopFilter.swift; sourceTree = "<group>"; };
		D8D5BE402B0B35FA0046D6A4 /* WorkshopDetailView.swift */ = {isa = PBXFileReference; lastKnownFileType = sourcecode.swift; path = WorkshopDetailView.swift; sourceTree = "<group>"; };
/* End PBXFileReference section */

/* Begin PBXFrameworksBuildPhase section */
		D820AD222AE641840065DB7C /* Frameworks */ = {
			isa = PBXFrameworksBuildPhase;
			buildActionMask = 2147483647;
			files = (
				D81BE43B2AFCFD9200F167FD /* YouTubePlayerKit in Frameworks */,
				D8013A2F2AFC233A00D7D9F6 /* PagerTabStripView in Frameworks */,
				D87338452AF403930045B6DB /* ActivityIndicatorView in Frameworks */,
				D820AD762AF243810065DB7C /* Shimmer in Frameworks */,
				D820AD682AEB67D60065DB7C /* Kingfisher in Frameworks */,
				D820AD5A2AE674430065DB7C /* ComposableArchitecture in Frameworks */,
				D8013A292AFA1A6300D7D9F6 /* ScalingHeaderScrollView in Frameworks */,
			);
			runOnlyForDeploymentPostprocessing = 0;
		};
		D820AD322AE641850065DB7C /* Frameworks */ = {
			isa = PBXFrameworksBuildPhase;
			buildActionMask = 2147483647;
			files = (
			);
			runOnlyForDeploymentPostprocessing = 0;
		};
		D820AD3C2AE641850065DB7C /* Frameworks */ = {
			isa = PBXFrameworksBuildPhase;
			buildActionMask = 2147483647;
			files = (
			);
			runOnlyForDeploymentPostprocessing = 0;
		};
/* End PBXFrameworksBuildPhase section */

/* Begin PBXGroup section */
		D8013A2A2AFA1EBF00D7D9F6 /* Extension */ = {
			isa = PBXGroup;
			children = (
				D8013A2B2AFA1ED900D7D9F6 /* View+If.swift */,
				D81BE4352AFCCCB700F167FD /* View+rounded.swift */,
			);
			path = Extension;
			sourceTree = "<group>";
		};
		D81BE4322AFCCC6400F167FD /* CustomViews */ = {
			isa = PBXGroup;
			children = (
				D81BE4332AFCCC8A00F167FD /* CircleButtonStyle.swift */,
			);
			path = CustomViews;
			sourceTree = "<group>";
		};
		D81BE43C2AFF6D0900F167FD /* Views */ = {
			isa = PBXGroup;
			children = (
				D8D5BE352B04A6B80046D6A4 /* Common */,
				D81BE43F2AFF6DAC00F167FD /* Workshop */,
				D81BE43D2AFF6D1400F167FD /* Artist */,
				D81BE4462AFF855A00F167FD /* NavigationBaseView.swift */,
				D81BE4482AFF8EB100F167FD /* GebbleCell.swift */,
				D81BE44A2AFF914700F167FD /* GebbleImageCell.swift */,
				D81BE44C2B03474900F167FD /* GebbleSearchBar.swift */,
			);
			path = Views;
			sourceTree = "<group>";
		};
		D81BE43D2AFF6D1400F167FD /* Artist */ = {
			isa = PBXGroup;
			children = (
				D820AD642AE7A2380065DB7C /* ArtistsView.swift */,
				D8013A252AFA189200D7D9F6 /* ArtistDetailView.swift */,
			);
			path = Artist;
			sourceTree = "<group>";
		};
		D81BE43E2AFF6D4600F167FD /* CollectionState */ = {
			isa = PBXGroup;
			children = (
				D820AD702AF235B90065DB7C /* CollectionStateView.swift */,
				D820AD722AF240FC0065DB7C /* CollectionStateStream.swift */,
				D820AD6E2AEF8E410065DB7C /* CollectionLoadingState.swift */,
			);
			path = CollectionState;
			sourceTree = "<group>";
		};
		D81BE43F2AFF6DAC00F167FD /* Workshop */ = {
			isa = PBXGroup;
			children = (
				D81BE4402AFF7BBD00F167FD /* WorkshopView.swift */,
				D8D5BE3E2B04D4880046D6A4 /* WorkshopFilter.swift */,
				D8D5BE402B0B35FA0046D6A4 /* WorkshopDetailView.swift */,
			);
			path = Workshop;
			sourceTree = "<group>";
		};
		D820AD1C2AE641840065DB7C = {
			isa = PBXGroup;
			children = (
				D820AD272AE641840065DB7C /* Gebble */,
				D820AD382AE641850065DB7C /* GebbleTests */,
				D820AD422AE641850065DB7C /* GebbleUITests */,
				D820AD262AE641840065DB7C /* Products */,
			);
			sourceTree = "<group>";
		};
		D820AD262AE641840065DB7C /* Products */ = {
			isa = PBXGroup;
			children = (
				D820AD252AE641840065DB7C /* Gebble.app */,
				D820AD352AE641850065DB7C /* GebbleTests.xctest */,
				D820AD3F2AE641850065DB7C /* GebbleUITests.xctest */,
			);
			name = Products;
			sourceTree = "<group>";
		};
		D820AD272AE641840065DB7C /* Gebble */ = {
			isa = PBXGroup;
			children = (
				D81BE43C2AFF6D0900F167FD /* Views */,
				D81BE4322AFCCC6400F167FD /* CustomViews */,
				D8013A2A2AFA1EBF00D7D9F6 /* Extension */,
				D820AD5D2AE79AA90065DB7C /* Others */,
				D820AD282AE641840065DB7C /* GebbleApp.swift */,
				D820AD2A2AE641840065DB7C /* ContentView.swift */,
				D820AD5B2AE67A430065DB7C /* RootTabView.swift */,
				D820AD2C2AE641850065DB7C /* Assets.xcassets */,
				D820AD2E2AE641850065DB7C /* Preview Content */,
				D820AD522AE64F050065DB7C /* HTTPClient.swift */,
				D81BE4422AFF7DD800F167FD /* WorkshopInterface.swift */,
				D81BE4442AFF822800F167FD /* WorkshopLive.swift */,
				D820AD542AE6511D0065DB7C /* ArtistClientInterface.swift */,
				D820AD562AE6713D0065DB7C /* ArtistClientLive.swift */,
				D820AD602AE79B9A0065DB7C /* Colors.swift */,
			);
			path = Gebble;
			sourceTree = "<group>";
		};
		D820AD2E2AE641850065DB7C /* Preview Content */ = {
			isa = PBXGroup;
			children = (
				D820AD2F2AE641850065DB7C /* Preview Assets.xcassets */,
			);
			path = "Preview Content";
			sourceTree = "<group>";
		};
		D820AD382AE641850065DB7C /* GebbleTests */ = {
			isa = PBXGroup;
			children = (
				D820AD392AE641850065DB7C /* GebbleTests.swift */,
			);
			path = GebbleTests;
			sourceTree = "<group>";
		};
		D820AD422AE641850065DB7C /* GebbleUITests */ = {
			isa = PBXGroup;
			children = (
				D820AD432AE641850065DB7C /* GebbleUITests.swift */,
				D820AD452AE641850065DB7C /* GebbleUITestsLaunchTests.swift */,
			);
			path = GebbleUITests;
			sourceTree = "<group>";
		};
		D820AD5D2AE79AA90065DB7C /* Others */ = {
			isa = PBXGroup;
			children = (
				D81BE43E2AFF6D4600F167FD /* CollectionState */,
				D820AD772AF272750065DB7C /* ViewDidLoadModifier.swift */,
				D8013A232AFA186200D7D9F6 /* AsyncStreamHelper.swift */,
				D8D5BE3A2B04CAC00046D6A4 /* CountryList.swift */,
				D820AD5E2AE79AC00065DB7C /* Colors.xcassets */,
			);
			path = Others;
			sourceTree = "<group>";
		};
		D8D5BE352B04A6B80046D6A4 /* Common */ = {
			isa = PBXGroup;
			children = (
				D8D5BE362B04A6C60046D6A4 /* GebbleErrorView.swift */,
				D8D5BE382B04ADFD0046D6A4 /* GebbleEmptyView.swift */,
			);
			path = Common;
			sourceTree = "<group>";
		};
/* End PBXGroup section */

/* Begin PBXNativeTarget section */
		D820AD242AE641840065DB7C /* Gebble */ = {
			isa = PBXNativeTarget;
			buildConfigurationList = D820AD492AE641850065DB7C /* Build configuration list for PBXNativeTarget "Gebble" */;
			buildPhases = (
				D820AD212AE641840065DB7C /* Sources */,
				D820AD222AE641840065DB7C /* Frameworks */,
				D820AD232AE641840065DB7C /* Resources */,
			);
			buildRules = (
			);
			dependencies = (
			);
			name = Gebble;
			packageProductDependencies = (
				D820AD592AE674430065DB7C /* ComposableArchitecture */,
				D820AD672AEB67D60065DB7C /* Kingfisher */,
				D820AD752AF243810065DB7C /* Shimmer */,
				D87338442AF403930045B6DB /* ActivityIndicatorView */,
				D8013A282AFA1A6300D7D9F6 /* ScalingHeaderScrollView */,
				D8013A2E2AFC233A00D7D9F6 /* PagerTabStripView */,
				D81BE43A2AFCFD9200F167FD /* YouTubePlayerKit */,
			);
			productName = Gebble;
			productReference = D820AD252AE641840065DB7C /* Gebble.app */;
			productType = "com.apple.product-type.application";
		};
		D820AD342AE641850065DB7C /* GebbleTests */ = {
			isa = PBXNativeTarget;
			buildConfigurationList = D820AD4C2AE641850065DB7C /* Build configuration list for PBXNativeTarget "GebbleTests" */;
			buildPhases = (
				D820AD312AE641850065DB7C /* Sources */,
				D820AD322AE641850065DB7C /* Frameworks */,
				D820AD332AE641850065DB7C /* Resources */,
			);
			buildRules = (
			);
			dependencies = (
				D820AD372AE641850065DB7C /* PBXTargetDependency */,
			);
			name = GebbleTests;
			productName = GebbleTests;
			productReference = D820AD352AE641850065DB7C /* GebbleTests.xctest */;
			productType = "com.apple.product-type.bundle.unit-test";
		};
		D820AD3E2AE641850065DB7C /* GebbleUITests */ = {
			isa = PBXNativeTarget;
			buildConfigurationList = D820AD4F2AE641850065DB7C /* Build configuration list for PBXNativeTarget "GebbleUITests" */;
			buildPhases = (
				D820AD3B2AE641850065DB7C /* Sources */,
				D820AD3C2AE641850065DB7C /* Frameworks */,
				D820AD3D2AE641850065DB7C /* Resources */,
			);
			buildRules = (
			);
			dependencies = (
				D820AD412AE641850065DB7C /* PBXTargetDependency */,
			);
			name = GebbleUITests;
			productName = GebbleUITests;
			productReference = D820AD3F2AE641850065DB7C /* GebbleUITests.xctest */;
			productType = "com.apple.product-type.bundle.ui-testing";
		};
/* End PBXNativeTarget section */

/* Begin PBXProject section */
		D820AD1D2AE641840065DB7C /* Project object */ = {
			isa = PBXProject;
			attributes = {
				BuildIndependentTargetsInParallel = 1;
				LastSwiftUpdateCheck = 1500;
				LastUpgradeCheck = 1500;
				TargetAttributes = {
					D820AD242AE641840065DB7C = {
						CreatedOnToolsVersion = 15.0;
					};
					D820AD342AE641850065DB7C = {
						CreatedOnToolsVersion = 15.0;
						TestTargetID = D820AD242AE641840065DB7C;
					};
					D820AD3E2AE641850065DB7C = {
						CreatedOnToolsVersion = 15.0;
						TestTargetID = D820AD242AE641840065DB7C;
					};
				};
			};
			buildConfigurationList = D820AD202AE641840065DB7C /* Build configuration list for PBXProject "Gebble" */;
			compatibilityVersion = "Xcode 14.0";
			developmentRegion = en;
			hasScannedForEncodings = 0;
			knownRegions = (
				en,
				Base,
			);
			mainGroup = D820AD1C2AE641840065DB7C;
			packageReferences = (
				D820AD582AE674430065DB7C /* XCRemoteSwiftPackageReference "swift-composable-architecture" */,
				D820AD662AEB67D60065DB7C /* XCRemoteSwiftPackageReference "Kingfisher" */,
				D820AD742AF243810065DB7C /* XCRemoteSwiftPackageReference "SwiftUI-Shimmer" */,
				D87338432AF403930045B6DB /* XCRemoteSwiftPackageReference "ActivityIndicatorView" */,
				D8013A272AFA1A6300D7D9F6 /* XCRemoteSwiftPackageReference "ScalingHeaderScrollView" */,
				D8013A2D2AFC233A00D7D9F6 /* XCRemoteSwiftPackageReference "PagerTabStripView" */,
				D81BE4392AFCFD9200F167FD /* XCRemoteSwiftPackageReference "YouTubePlayerKit" */,
			);
			productRefGroup = D820AD262AE641840065DB7C /* Products */;
			projectDirPath = "";
			projectRoot = "";
			targets = (
				D820AD242AE641840065DB7C /* Gebble */,
				D820AD342AE641850065DB7C /* GebbleTests */,
				D820AD3E2AE641850065DB7C /* GebbleUITests */,
			);
		};
/* End PBXProject section */

/* Begin PBXResourcesBuildPhase section */
		D820AD232AE641840065DB7C /* Resources */ = {
			isa = PBXResourcesBuildPhase;
			buildActionMask = 2147483647;
			files = (
				D820AD5F2AE79AC00065DB7C /* Colors.xcassets in Resources */,
				D820AD302AE641850065DB7C /* Preview Assets.xcassets in Resources */,
				D820AD2D2AE641850065DB7C /* Assets.xcassets in Resources */,
			);
			runOnlyForDeploymentPostprocessing = 0;
		};
		D820AD332AE641850065DB7C /* Resources */ = {
			isa = PBXResourcesBuildPhase;
			buildActionMask = 2147483647;
			files = (
			);
			runOnlyForDeploymentPostprocessing = 0;
		};
		D820AD3D2AE641850065DB7C /* Resources */ = {
			isa = PBXResourcesBuildPhase;
			buildActionMask = 2147483647;
			files = (
			);
			runOnlyForDeploymentPostprocessing = 0;
		};
/* End PBXResourcesBuildPhase section */

/* Begin PBXSourcesBuildPhase section */
		D820AD212AE641840065DB7C /* Sources */ = {
			isa = PBXSourcesBuildPhase;
			buildActionMask = 2147483647;
			files = (
				D8D5BE372B04A6C60046D6A4 /* GebbleErrorView.swift in Sources */,
				D820AD572AE6713D0065DB7C /* ArtistClientLive.swift in Sources */,
				D8D5BE412B0B35FA0046D6A4 /* WorkshopDetailView.swift in Sources */,
				D820AD652AE7A2380065DB7C /* ArtistsView.swift in Sources */,
				D820AD2B2AE641840065DB7C /* ContentView.swift in Sources */,
				D81BE4342AFCCC8A00F167FD /* CircleButtonStyle.swift in Sources */,
				D81BE44D2B03474900F167FD /* GebbleSearchBar.swift in Sources */,
				D81BE4492AFF8EB100F167FD /* GebbleCell.swift in Sources */,
				D8013A242AFA186200D7D9F6 /* AsyncStreamHelper.swift in Sources */,
				D820AD782AF272750065DB7C /* ViewDidLoadModifier.swift in Sources */,
				D81BE4452AFF822800F167FD /* WorkshopLive.swift in Sources */,
				D8013A262AFA189200D7D9F6 /* ArtistDetailView.swift in Sources */,
				D8D5BE392B04ADFD0046D6A4 /* GebbleEmptyView.swift in Sources */,
				D81BE4362AFCCCB700F167FD /* View+rounded.swift in Sources */,
				D820AD732AF240FD0065DB7C /* CollectionStateStream.swift in Sources */,
				D8D5BE3B2B04CAC00046D6A4 /* CountryList.swift in Sources */,
				D820AD532AE64F050065DB7C /* HTTPClient.swift in Sources */,
				D81BE4432AFF7DD800F167FD /* WorkshopInterface.swift in Sources */,
				D820AD612AE79B9A0065DB7C /* Colors.swift in Sources */,
				D81BE4412AFF7BBD00F167FD /* WorkshopView.swift in Sources */,
				D81BE4472AFF855A00F167FD /* NavigationBaseView.swift in Sources */,
				D820AD292AE641840065DB7C /* GebbleApp.swift in Sources */,
				D820AD5C2AE67A430065DB7C /* RootTabView.swift in Sources */,
				D820AD712AF235B90065DB7C /* CollectionStateView.swift in Sources */,
				D8013A2C2AFA1ED900D7D9F6 /* View+If.swift in Sources */,
				D820AD6F2AEF8E410065DB7C /* CollectionLoadingState.swift in Sources */,
				D8D5BE3F2B04D4880046D6A4 /* WorkshopFilter.swift in Sources */,
				D820AD552AE6511D0065DB7C /* ArtistClientInterface.swift in Sources */,
				D81BE44B2AFF914700F167FD /* GebbleImageCell.swift in Sources */,
			);
			runOnlyForDeploymentPostprocessing = 0;
		};
		D820AD312AE641850065DB7C /* Sources */ = {
			isa = PBXSourcesBuildPhase;
			buildActionMask = 2147483647;
			files = (
				D820AD3A2AE641850065DB7C /* GebbleTests.swift in Sources */,
			);
			runOnlyForDeploymentPostprocessing = 0;
		};
		D820AD3B2AE641850065DB7C /* Sources */ = {
			isa = PBXSourcesBuildPhase;
			buildActionMask = 2147483647;
			files = (
				D820AD442AE641850065DB7C /* GebbleUITests.swift in Sources */,
				D820AD462AE641850065DB7C /* GebbleUITestsLaunchTests.swift in Sources */,
			);
			runOnlyForDeploymentPostprocessing = 0;
		};
/* End PBXSourcesBuildPhase section */

/* Begin PBXTargetDependency section */
		D820AD372AE641850065DB7C /* PBXTargetDependency */ = {
			isa = PBXTargetDependency;
			target = D820AD242AE641840065DB7C /* Gebble */;
			targetProxy = D820AD362AE641850065DB7C /* PBXContainerItemProxy */;
		};
		D820AD412AE641850065DB7C /* PBXTargetDependency */ = {
			isa = PBXTargetDependency;
			target = D820AD242AE641840065DB7C /* Gebble */;
			targetProxy = D820AD402AE641850065DB7C /* PBXContainerItemProxy */;
		};
/* End PBXTargetDependency section */

/* Begin XCBuildConfiguration section */
		D820AD472AE641850065DB7C /* Debug */ = {
			isa = XCBuildConfiguration;
			buildSettings = {
				ALWAYS_SEARCH_USER_PATHS = NO;
				ASSETCATALOG_COMPILER_GENERATE_SWIFT_ASSET_SYMBOL_EXTENSIONS = YES;
				CLANG_ANALYZER_NONNULL = YES;
				CLANG_ANALYZER_NUMBER_OBJECT_CONVERSION = YES_AGGRESSIVE;
				CLANG_CXX_LANGUAGE_STANDARD = "gnu++20";
				CLANG_ENABLE_MODULES = YES;
				CLANG_ENABLE_OBJC_ARC = YES;
				CLANG_ENABLE_OBJC_WEAK = YES;
				CLANG_WARN_BLOCK_CAPTURE_AUTORELEASING = YES;
				CLANG_WARN_BOOL_CONVERSION = YES;
				CLANG_WARN_COMMA = YES;
				CLANG_WARN_CONSTANT_CONVERSION = YES;
				CLANG_WARN_DEPRECATED_OBJC_IMPLEMENTATIONS = YES;
				CLANG_WARN_DIRECT_OBJC_ISA_USAGE = YES_ERROR;
				CLANG_WARN_DOCUMENTATION_COMMENTS = YES;
				CLANG_WARN_EMPTY_BODY = YES;
				CLANG_WARN_ENUM_CONVERSION = YES;
				CLANG_WARN_INFINITE_RECURSION = YES;
				CLANG_WARN_INT_CONVERSION = YES;
				CLANG_WARN_NON_LITERAL_NULL_CONVERSION = YES;
				CLANG_WARN_OBJC_IMPLICIT_RETAIN_SELF = YES;
				CLANG_WARN_OBJC_LITERAL_CONVERSION = YES;
				CLANG_WARN_OBJC_ROOT_CLASS = YES_ERROR;
				CLANG_WARN_QUOTED_INCLUDE_IN_FRAMEWORK_HEADER = YES;
				CLANG_WARN_RANGE_LOOP_ANALYSIS = YES;
				CLANG_WARN_STRICT_PROTOTYPES = YES;
				CLANG_WARN_SUSPICIOUS_MOVE = YES;
				CLANG_WARN_UNGUARDED_AVAILABILITY = YES_AGGRESSIVE;
				CLANG_WARN_UNREACHABLE_CODE = YES;
				CLANG_WARN__DUPLICATE_METHOD_MATCH = YES;
				COPY_PHASE_STRIP = NO;
				DEBUG_INFORMATION_FORMAT = dwarf;
				ENABLE_STRICT_OBJC_MSGSEND = YES;
				ENABLE_TESTABILITY = YES;
				ENABLE_USER_SCRIPT_SANDBOXING = YES;
				GCC_C_LANGUAGE_STANDARD = gnu17;
				GCC_DYNAMIC_NO_PIC = NO;
				GCC_NO_COMMON_BLOCKS = YES;
				GCC_OPTIMIZATION_LEVEL = 0;
				GCC_PREPROCESSOR_DEFINITIONS = (
					"DEBUG=1",
					"$(inherited)",
				);
				GCC_WARN_64_TO_32_BIT_CONVERSION = YES;
				GCC_WARN_ABOUT_RETURN_TYPE = YES_ERROR;
				GCC_WARN_UNDECLARED_SELECTOR = YES;
				GCC_WARN_UNINITIALIZED_AUTOS = YES_AGGRESSIVE;
				GCC_WARN_UNUSED_FUNCTION = YES;
				GCC_WARN_UNUSED_VARIABLE = YES;
				IPHONEOS_DEPLOYMENT_TARGET = 17.0;
				LOCALIZATION_PREFERS_STRING_CATALOGS = YES;
				MTL_ENABLE_DEBUG_INFO = INCLUDE_SOURCE;
				MTL_FAST_MATH = YES;
				ONLY_ACTIVE_ARCH = YES;
				SDKROOT = iphoneos;
				SWIFT_ACTIVE_COMPILATION_CONDITIONS = "DEBUG $(inherited)";
				SWIFT_OPTIMIZATION_LEVEL = "-Onone";
			};
			name = Debug;
		};
		D820AD482AE641850065DB7C /* Release */ = {
			isa = XCBuildConfiguration;
			buildSettings = {
				ALWAYS_SEARCH_USER_PATHS = NO;
				ASSETCATALOG_COMPILER_GENERATE_SWIFT_ASSET_SYMBOL_EXTENSIONS = YES;
				CLANG_ANALYZER_NONNULL = YES;
				CLANG_ANALYZER_NUMBER_OBJECT_CONVERSION = YES_AGGRESSIVE;
				CLANG_CXX_LANGUAGE_STANDARD = "gnu++20";
				CLANG_ENABLE_MODULES = YES;
				CLANG_ENABLE_OBJC_ARC = YES;
				CLANG_ENABLE_OBJC_WEAK = YES;
				CLANG_WARN_BLOCK_CAPTURE_AUTORELEASING = YES;
				CLANG_WARN_BOOL_CONVERSION = YES;
				CLANG_WARN_COMMA = YES;
				CLANG_WARN_CONSTANT_CONVERSION = YES;
				CLANG_WARN_DEPRECATED_OBJC_IMPLEMENTATIONS = YES;
				CLANG_WARN_DIRECT_OBJC_ISA_USAGE = YES_ERROR;
				CLANG_WARN_DOCUMENTATION_COMMENTS = YES;
				CLANG_WARN_EMPTY_BODY = YES;
				CLANG_WARN_ENUM_CONVERSION = YES;
				CLANG_WARN_INFINITE_RECURSION = YES;
				CLANG_WARN_INT_CONVERSION = YES;
				CLANG_WARN_NON_LITERAL_NULL_CONVERSION = YES;
				CLANG_WARN_OBJC_IMPLICIT_RETAIN_SELF = YES;
				CLANG_WARN_OBJC_LITERAL_CONVERSION = YES;
				CLANG_WARN_OBJC_ROOT_CLASS = YES_ERROR;
				CLANG_WARN_QUOTED_INCLUDE_IN_FRAMEWORK_HEADER = YES;
				CLANG_WARN_RANGE_LOOP_ANALYSIS = YES;
				CLANG_WARN_STRICT_PROTOTYPES = YES;
				CLANG_WARN_SUSPICIOUS_MOVE = YES;
				CLANG_WARN_UNGUARDED_AVAILABILITY = YES_AGGRESSIVE;
				CLANG_WARN_UNREACHABLE_CODE = YES;
				CLANG_WARN__DUPLICATE_METHOD_MATCH = YES;
				COPY_PHASE_STRIP = NO;
				DEBUG_INFORMATION_FORMAT = "dwarf-with-dsym";
				ENABLE_NS_ASSERTIONS = NO;
				ENABLE_STRICT_OBJC_MSGSEND = YES;
				ENABLE_USER_SCRIPT_SANDBOXING = YES;
				GCC_C_LANGUAGE_STANDARD = gnu17;
				GCC_NO_COMMON_BLOCKS = YES;
				GCC_WARN_64_TO_32_BIT_CONVERSION = YES;
				GCC_WARN_ABOUT_RETURN_TYPE = YES_ERROR;
				GCC_WARN_UNDECLARED_SELECTOR = YES;
				GCC_WARN_UNINITIALIZED_AUTOS = YES_AGGRESSIVE;
				GCC_WARN_UNUSED_FUNCTION = YES;
				GCC_WARN_UNUSED_VARIABLE = YES;
				IPHONEOS_DEPLOYMENT_TARGET = 17.0;
				LOCALIZATION_PREFERS_STRING_CATALOGS = YES;
				MTL_ENABLE_DEBUG_INFO = NO;
				MTL_FAST_MATH = YES;
				SDKROOT = iphoneos;
				SWIFT_COMPILATION_MODE = wholemodule;
				VALIDATE_PRODUCT = YES;
			};
			name = Release;
		};
		D820AD4A2AE641850065DB7C /* Debug */ = {
			isa = XCBuildConfiguration;
			buildSettings = {
				ASSETCATALOG_COMPILER_APPICON_NAME = AppIcon;
				ASSETCATALOG_COMPILER_GLOBAL_ACCENT_COLOR_NAME = AccentColor;
				CODE_SIGN_STYLE = Automatic;
				CURRENT_PROJECT_VERSION = 1;
				DEVELOPMENT_ASSET_PATHS = "\"Gebble/Preview Content\"";
				DEVELOPMENT_TEAM = 2CY3RX8F76;
				ENABLE_PREVIEWS = YES;
				GENERATE_INFOPLIST_FILE = YES;
				INFOPLIST_KEY_UIApplicationSceneManifest_Generation = YES;
				INFOPLIST_KEY_UIApplicationSupportsIndirectInputEvents = YES;
				INFOPLIST_KEY_UILaunchScreen_Generation = YES;
				INFOPLIST_KEY_UISupportedInterfaceOrientations_iPad = "UIInterfaceOrientationPortrait UIInterfaceOrientationPortraitUpsideDown UIInterfaceOrientationLandscapeLeft UIInterfaceOrientationLandscapeRight";
				INFOPLIST_KEY_UISupportedInterfaceOrientations_iPhone = "UIInterfaceOrientationPortrait UIInterfaceOrientationLandscapeLeft UIInterfaceOrientationLandscapeRight";
				IPHONEOS_DEPLOYMENT_TARGET = 16.0;
				LD_RUNPATH_SEARCH_PATHS = (
					"$(inherited)",
					"@executable_path/Frameworks",
				);
				MARKETING_VERSION = 1.0;
				PRODUCT_BUNDLE_IDENTIFIER = django.Gebble;
				PRODUCT_NAME = "$(TARGET_NAME)";
				SWIFT_EMIT_LOC_STRINGS = YES;
				SWIFT_VERSION = 5.0;
				TARGETED_DEVICE_FAMILY = "1,2";
			};
			name = Debug;
		};
		D820AD4B2AE641850065DB7C /* Release */ = {
			isa = XCBuildConfiguration;
			buildSettings = {
				ASSETCATALOG_COMPILER_APPICON_NAME = AppIcon;
				ASSETCATALOG_COMPILER_GLOBAL_ACCENT_COLOR_NAME = AccentColor;
				CODE_SIGN_STYLE = Automatic;
				CURRENT_PROJECT_VERSION = 1;
				DEVELOPMENT_ASSET_PATHS = "\"Gebble/Preview Content\"";
				DEVELOPMENT_TEAM = 2CY3RX8F76;
				ENABLE_PREVIEWS = YES;
				GENERATE_INFOPLIST_FILE = YES;
				INFOPLIST_KEY_UIApplicationSceneManifest_Generation = YES;
				INFOPLIST_KEY_UIApplicationSupportsIndirectInputEvents = YES;
				INFOPLIST_KEY_UILaunchScreen_Generation = YES;
				INFOPLIST_KEY_UISupportedInterfaceOrientations_iPad = "UIInterfaceOrientationPortrait UIInterfaceOrientationPortraitUpsideDown UIInterfaceOrientationLandscapeLeft UIInterfaceOrientationLandscapeRight";
				INFOPLIST_KEY_UISupportedInterfaceOrientations_iPhone = "UIInterfaceOrientationPortrait UIInterfaceOrientationLandscapeLeft UIInterfaceOrientationLandscapeRight";
				IPHONEOS_DEPLOYMENT_TARGET = 16.0;
				LD_RUNPATH_SEARCH_PATHS = (
					"$(inherited)",
					"@executable_path/Frameworks",
				);
				MARKETING_VERSION = 1.0;
				PRODUCT_BUNDLE_IDENTIFIER = django.Gebble;
				PRODUCT_NAME = "$(TARGET_NAME)";
				SWIFT_EMIT_LOC_STRINGS = YES;
				SWIFT_VERSION = 5.0;
				TARGETED_DEVICE_FAMILY = "1,2";
			};
			name = Release;
		};
		D820AD4D2AE641850065DB7C /* Debug */ = {
			isa = XCBuildConfiguration;
			buildSettings = {
				ALWAYS_EMBED_SWIFT_STANDARD_LIBRARIES = YES;
				BUNDLE_LOADER = "$(TEST_HOST)";
				CODE_SIGN_STYLE = Automatic;
				CURRENT_PROJECT_VERSION = 1;
				DEVELOPMENT_TEAM = 2CY3RX8F76;
				GENERATE_INFOPLIST_FILE = YES;
				IPHONEOS_DEPLOYMENT_TARGET = 17.0;
				MARKETING_VERSION = 1.0;
				PRODUCT_BUNDLE_IDENTIFIER = django.GebbleTests;
				PRODUCT_NAME = "$(TARGET_NAME)";
				SWIFT_EMIT_LOC_STRINGS = NO;
				SWIFT_VERSION = 5.0;
				TARGETED_DEVICE_FAMILY = "1,2";
				TEST_HOST = "$(BUILT_PRODUCTS_DIR)/Gebble.app/$(BUNDLE_EXECUTABLE_FOLDER_PATH)/Gebble";
			};
			name = Debug;
		};
		D820AD4E2AE641850065DB7C /* Release */ = {
			isa = XCBuildConfiguration;
			buildSettings = {
				ALWAYS_EMBED_SWIFT_STANDARD_LIBRARIES = YES;
				BUNDLE_LOADER = "$(TEST_HOST)";
				CODE_SIGN_STYLE = Automatic;
				CURRENT_PROJECT_VERSION = 1;
				DEVELOPMENT_TEAM = 2CY3RX8F76;
				GENERATE_INFOPLIST_FILE = YES;
				IPHONEOS_DEPLOYMENT_TARGET = 17.0;
				MARKETING_VERSION = 1.0;
				PRODUCT_BUNDLE_IDENTIFIER = django.GebbleTests;
				PRODUCT_NAME = "$(TARGET_NAME)";
				SWIFT_EMIT_LOC_STRINGS = NO;
				SWIFT_VERSION = 5.0;
				TARGETED_DEVICE_FAMILY = "1,2";
				TEST_HOST = "$(BUILT_PRODUCTS_DIR)/Gebble.app/$(BUNDLE_EXECUTABLE_FOLDER_PATH)/Gebble";
			};
			name = Release;
		};
		D820AD502AE641850065DB7C /* Debug */ = {
			isa = XCBuildConfiguration;
			buildSettings = {
				ALWAYS_EMBED_SWIFT_STANDARD_LIBRARIES = YES;
				CODE_SIGN_STYLE = Automatic;
				CURRENT_PROJECT_VERSION = 1;
				DEVELOPMENT_TEAM = 2CY3RX8F76;
				GENERATE_INFOPLIST_FILE = YES;
				MARKETING_VERSION = 1.0;
				PRODUCT_BUNDLE_IDENTIFIER = django.GebbleUITests;
				PRODUCT_NAME = "$(TARGET_NAME)";
				SWIFT_EMIT_LOC_STRINGS = NO;
				SWIFT_VERSION = 5.0;
				TARGETED_DEVICE_FAMILY = "1,2";
				TEST_TARGET_NAME = Gebble;
			};
			name = Debug;
		};
		D820AD512AE641850065DB7C /* Release */ = {
			isa = XCBuildConfiguration;
			buildSettings = {
				ALWAYS_EMBED_SWIFT_STANDARD_LIBRARIES = YES;
				CODE_SIGN_STYLE = Automatic;
				CURRENT_PROJECT_VERSION = 1;
				DEVELOPMENT_TEAM = 2CY3RX8F76;
				GENERATE_INFOPLIST_FILE = YES;
				MARKETING_VERSION = 1.0;
				PRODUCT_BUNDLE_IDENTIFIER = django.GebbleUITests;
				PRODUCT_NAME = "$(TARGET_NAME)";
				SWIFT_EMIT_LOC_STRINGS = NO;
				SWIFT_VERSION = 5.0;
				TARGETED_DEVICE_FAMILY = "1,2";
				TEST_TARGET_NAME = Gebble;
			};
			name = Release;
		};
/* End XCBuildConfiguration section */

/* Begin XCConfigurationList section */
		D820AD202AE641840065DB7C /* Build configuration list for PBXProject "Gebble" */ = {
			isa = XCConfigurationList;
			buildConfigurations = (
				D820AD472AE641850065DB7C /* Debug */,
				D820AD482AE641850065DB7C /* Release */,
			);
			defaultConfigurationIsVisible = 0;
			defaultConfigurationName = Release;
		};
		D820AD492AE641850065DB7C /* Build configuration list for PBXNativeTarget "Gebble" */ = {
			isa = XCConfigurationList;
			buildConfigurations = (
				D820AD4A2AE641850065DB7C /* Debug */,
				D820AD4B2AE641850065DB7C /* Release */,
			);
			defaultConfigurationIsVisible = 0;
			defaultConfigurationName = Release;
		};
		D820AD4C2AE641850065DB7C /* Build configuration list for PBXNativeTarget "GebbleTests" */ = {
			isa = XCConfigurationList;
			buildConfigurations = (
				D820AD4D2AE641850065DB7C /* Debug */,
				D820AD4E2AE641850065DB7C /* Release */,
			);
			defaultConfigurationIsVisible = 0;
			defaultConfigurationName = Release;
		};
		D820AD4F2AE641850065DB7C /* Build configuration list for PBXNativeTarget "GebbleUITests" */ = {
			isa = XCConfigurationList;
			buildConfigurations = (
				D820AD502AE641850065DB7C /* Debug */,
				D820AD512AE641850065DB7C /* Release */,
			);
			defaultConfigurationIsVisible = 0;
			defaultConfigurationName = Release;
		};
/* End XCConfigurationList section */

/* Begin XCRemoteSwiftPackageReference section */
		D8013A272AFA1A6300D7D9F6 /* XCRemoteSwiftPackageReference "ScalingHeaderScrollView" */ = {
			isa = XCRemoteSwiftPackageReference;
			repositoryURL = "https://github.com/exyte/ScalingHeaderScrollView.git";
			requirement = {
				kind = upToNextMajorVersion;
				minimumVersion = 1.0.4;
			};
		};
		D8013A2D2AFC233A00D7D9F6 /* XCRemoteSwiftPackageReference "PagerTabStripView" */ = {
			isa = XCRemoteSwiftPackageReference;
			repositoryURL = "https://github.com/xmartlabs/PagerTabStripView";
			requirement = {
				kind = upToNextMajorVersion;
				minimumVersion = 4.0.0;
			};
		};
		D81BE4392AFCFD9200F167FD /* XCRemoteSwiftPackageReference "YouTubePlayerKit" */ = {
			isa = XCRemoteSwiftPackageReference;
			repositoryURL = "https://github.com/SvenTiigi/YouTubePlayerKit.git";
			requirement = {
				kind = upToNextMajorVersion;
				minimumVersion = 1.5.4;
			};
		};
		D820AD582AE674430065DB7C /* XCRemoteSwiftPackageReference "swift-composable-architecture" */ = {
			isa = XCRemoteSwiftPackageReference;
			repositoryURL = "https://github.com/pointfreeco/swift-composable-architecture";
			requirement = {
				kind = upToNextMajorVersion;
				minimumVersion = 1.2.0;
			};
		};
		D820AD662AEB67D60065DB7C /* XCRemoteSwiftPackageReference "Kingfisher" */ = {
			isa = XCRemoteSwiftPackageReference;
			repositoryURL = "https://github.com/onevcat/Kingfisher";
			requirement = {
				kind = upToNextMajorVersion;
				minimumVersion = 7.9.1;
			};
		};
		D820AD742AF243810065DB7C /* XCRemoteSwiftPackageReference "SwiftUI-Shimmer" */ = {
			isa = XCRemoteSwiftPackageReference;
			repositoryURL = "https://github.com/markiv/SwiftUI-Shimmer";
			requirement = {
				kind = upToNextMajorVersion;
				minimumVersion = 1.4.0;
			};
		};
		D87338432AF403930045B6DB /* XCRemoteSwiftPackageReference "ActivityIndicatorView" */ = {
			isa = XCRemoteSwiftPackageReference;
			repositoryURL = "https://github.com/exyte/ActivityIndicatorView.git";
			requirement = {
				kind = upToNextMajorVersion;
				minimumVersion = 1.1.1;
			};
		};
/* End XCRemoteSwiftPackageReference section */

/* Begin XCSwiftPackageProductDependency section */
		D8013A282AFA1A6300D7D9F6 /* ScalingHeaderScrollView */ = {
			isa = XCSwiftPackageProductDependency;
			package = D8013A272AFA1A6300D7D9F6 /* XCRemoteSwiftPackageReference "ScalingHeaderScrollView" */;
			productName = ScalingHeaderScrollView;
		};
		D8013A2E2AFC233A00D7D9F6 /* PagerTabStripView */ = {
			isa = XCSwiftPackageProductDependency;
			package = D8013A2D2AFC233A00D7D9F6 /* XCRemoteSwiftPackageReference "PagerTabStripView" */;
			productName = PagerTabStripView;
		};
		D81BE43A2AFCFD9200F167FD /* YouTubePlayerKit */ = {
			isa = XCSwiftPackageProductDependency;
			package = D81BE4392AFCFD9200F167FD /* XCRemoteSwiftPackageReference "YouTubePlayerKit" */;
			productName = YouTubePlayerKit;
		};
		D820AD592AE674430065DB7C /* ComposableArchitecture */ = {
			isa = XCSwiftPackageProductDependency;
			package = D820AD582AE674430065DB7C /* XCRemoteSwiftPackageReference "swift-composable-architecture" */;
			productName = ComposableArchitecture;
		};
		D820AD672AEB67D60065DB7C /* Kingfisher */ = {
			isa = XCSwiftPackageProductDependency;
			package = D820AD662AEB67D60065DB7C /* XCRemoteSwiftPackageReference "Kingfisher" */;
			productName = Kingfisher;
		};
		D820AD752AF243810065DB7C /* Shimmer */ = {
			isa = XCSwiftPackageProductDependency;
			package = D820AD742AF243810065DB7C /* XCRemoteSwiftPackageReference "SwiftUI-Shimmer" */;
			productName = Shimmer;
		};
		D87338442AF403930045B6DB /* ActivityIndicatorView */ = {
			isa = XCSwiftPackageProductDependency;
			package = D87338432AF403930045B6DB /* XCRemoteSwiftPackageReference "ActivityIndicatorView" */;
			productName = ActivityIndicatorView;
		};
/* End XCSwiftPackageProductDependency section */
	};
	rootObject = D820AD1D2AE641840065DB7C /* Project object */;
}
